
Microsoft Visual Studio Solution File, Format Version 11.00
# Visual Studio 2010
Project("{FAE04EC0-301F-11D3-BF4B-00C04F79EFBC}") = "AzureCommands", "AzureCommands\AzureCommands.csproj", "{D40E1B00-6C7F-40F3-88F5-9C0291A77BE3}"
EndProject
Project("{FAE04EC0-301F-11D3-BF4B-00C04F79EFBC}") = "Finsel.AzureCommands", "Finsel.AzureCommands\Finsel.AzureCommands.csproj", "{8D79E019-6E82-452B-84E3-76218542D35B}"
EndProject
Project("{FAE04EC0-301F-11D3-BF4B-00C04F79EFBC}") = "SagaProcessor", "SagaProcessor\SagaProcessor.csproj", "{3717C3AF-0C7E-4D20-B6AD-6B4E0286E3C1}"
EndProject
Project("{FAE04EC0-301F-11D3-BF4B-00C04F79EFBC}") = "MaxMindIPGeoLocation", "MaxMindIPGeoLocation\MaxMindIPGeoLocation.csproj", "{2F53C1F8-737E-414F-9494-97614E2346F1}"
EndProject
Project("{FAE04EC0-301F-11D3-BF4B-00C04F79EFBC}") = "AzureBlobLoader", "AzureBlobLoader\AzureBlobLoader.csproj", "{36966171-DA3A-479C-A2BF-E8CFC7F134EA}"
EndProject
Project("{FAE04EC0-301F-11D3-BF4B-00C04F79EFBC}") = "AzureBlobRetriever", "AzureBlobRetriever\AzureBlobRetriever.csproj", "{95B583E3-EC7C-4776-BFEC-6278EB83C8C1}"
EndProject
Project("{FAE04EC0-301F-11D3-BF4B-00C04F79EFBC}") = "AzureStorageHandlers", "AzureStorageHandlers\AzureStorageHandlers.csproj", "{5D00F79A-F52B-49C3-9C10-3F78ADE6AE94}"
EndProject
Project("{FAE04EC0-301F-11D3-BF4B-00C04F79EFBC}") = "Finsel.AzureCommands_Test", "Finsel.AzureCommands_Test\Finsel.AzureCommands_Test.csproj", "{C099FDA0-6F5A-4BDF-912E-F7216325E4DF}"
EndProject
Project("{2150E333-8FDC-42A3-9474-1A3956D46DE8}") = "Solution Items", "Solution Items", "{A825B96F-466D-46D0-8A36-4A2914BA7A34}"
	ProjectSection(SolutionItems) = preProject
		AzureCommands.vsmdi = AzureCommands.vsmdi
		Local.testsettings = Local.testsettings
		TraceAndTestImpact.testsettings = TraceAndTestImpact.testsettings
	EndProjectSection
EndProject
Project("{FAE04EC0-301F-11D3-BF4B-00C04F79EFBC}") = "AzureCommandsWPF", "AzureCommandsWPF\AzureCommandsWPF.csproj", "{44108FF9-8369-4987-8C16-E459A3D6539F}"
EndProject
Global
	GlobalSection(TestCaseManagementSettings) = postSolution
		CategoryFile = AzureCommands.vsmdi
	EndGlobalSection
	GlobalSection(SolutionConfigurationPlatforms) = preSolution
		Debug|.NET = Debug|.NET
		Debug|Any CPU = Debug|Any CPU
		Debug|Mixed Platforms = Debug|Mixed Platforms
		Debug|x86 = Debug|x86
		Release|.NET = Release|.NET
		Release|Any CPU = Release|Any CPU
		Release|Mixed Platforms = Release|Mixed Platforms
		Release|x86 = Release|x86
	EndGlobalSection
	GlobalSection(ProjectConfigurationPlatforms) = postSolution
		{D40E1B00-6C7F-40F3-88F5-9C0291A77BE3}.Debug|.NET.ActiveCfg = Debug|Any CPU
		{D40E1B00-6C7F-40F3-88F5-9C0291A77BE3}.Debug|Any CPU.ActiveCfg = Debug|Any CPU
		{D40E1B00-6C7F-40F3-88F5-9C0291A77BE3}.Debug|Any CPU.Build.0 = Debug|Any CPU
		{D40E1B00-6C7F-40F3-88F5-9C0291A77BE3}.Debug|Mixed Platforms.ActiveCfg = Debug|Any CPU
		{D40E1B00-6C7F-40F3-88F5-9C0291A77BE3}.Debug|Mixed Platforms.Build.0 = Debug|Any CPU
		{D40E1B00-6C7F-40F3-88F5-9C0291A77BE3}.Debug|x86.ActiveCfg = Debug|Any CPU
		{D40E1B00-6C7F-40F3-88F5-9C0291A77BE3}.Release|.NET.ActiveCfg = Release|Any CPU
		{D40E1B00-6C7F-40F3-88F5-9C0291A77BE3}.Release|Any CPU.ActiveCfg = Release|Any CPU
		{D40E1B00-6C7F-40F3-88F5-9C0291A77BE3}.Release|Any CPU.Build.0 = Release|Any CPU
		{D40E1B00-6C7F-40F3-88F5-9C0291A77BE3}.Release|Mixed Platforms.ActiveCfg = Release|Any CPU
		{D40E1B00-6C7F-40F3-88F5-9C0291A77BE3}.Release|Mixed Platforms.Build.0 = Release|Any CPU
		{D40E1B00-6C7F-40F3-88F5-9C0291A77BE3}.Release|x86.ActiveCfg = Release|Any CPU
		{8D79E019-6E82-452B-84E3-76218542D35B}.Debug|.NET.ActiveCfg = Debug|Any CPU
		{8D79E019-6E82-452B-84E3-76218542D35B}.Debug|Any CPU.ActiveCfg = Debug|Any CPU
		{8D79E019-6E82-452B-84E3-76218542D35B}.Debug|Any CPU.Build.0 = Debug|Any CPU
		{8D79E019-6E82-452B-84E3-76218542D35B}.Debug|Mixed Platforms.ActiveCfg = Debug|Any CPU
		{8D79E019-6E82-452B-84E3-76218542D35B}.Debug|Mixed Platforms.Build.0 = Debug|Any CPU
		{8D79E019-6E82-452B-84E3-76218542D35B}.Debug|x86.ActiveCfg = Debug|Any CPU
		{8D79E019-6E82-452B-84E3-76218542D35B}.Release|.NET.ActiveCfg = Release|Any CPU
		{8D79E019-6E82-452B-84E3-76218542D35B}.Release|Any CPU.ActiveCfg = Release|Any CPU
		{8D79E019-6E82-452B-84E3-76218542D35B}.Release|Any CPU.Build.0 = Release|Any CPU
		{8D79E019-6E82-452B-84E3-76218542D35B}.Release|Mixed Platforms.ActiveCfg = Release|Any CPU
		{8D79E019-6E82-452B-84E3-76218542D35B}.Release|Mixed Platforms.Build.0 = Release|Any CPU
		{8D79E019-6E82-452B-84E3-76218542D35B}.Release|x86.ActiveCfg = Release|Any CPU
		{3717C3AF-0C7E-4D20-B6AD-6B4E0286E3C1}.Debug|.NET.ActiveCfg = Debug|Any CPU
		{3717C3AF-0C7E-4D20-B6AD-6B4E0286E3C1}.Debug|Any CPU.ActiveCfg = Debug|Any CPU
		{3717C3AF-0C7E-4D20-B6AD-6B4E0286E3C1}.Debug|Any CPU.Build.0 = Debug|Any CPU
		{3717C3AF-0C7E-4D20-B6AD-6B4E0286E3C1}.Debug|Mixed Platforms.ActiveCfg = Debug|Any CPU
		{3717C3AF-0C7E-4D20-B6AD-6B4E0286E3C1}.Debug|Mixed Platforms.Build.0 = Debug|Any CPU
		{3717C3AF-0C7E-4D20-B6AD-6B4E0286E3C1}.Debug|x86.ActiveCfg = Debug|Any CPU
		{3717C3AF-0C7E-4D20-B6AD-6B4E0286E3C1}.Release|.NET.ActiveCfg = Release|Any CPU
		{3717C3AF-0C7E-4D20-B6AD-6B4E0286E3C1}.Release|Any CPU.ActiveCfg = Release|Any CPU
		{3717C3AF-0C7E-4D20-B6AD-6B4E0286E3C1}.Release|Any CPU.Build.0 = Release|Any CPU
		{3717C3AF-0C7E-4D20-B6AD-6B4E0286E3C1}.Release|Mixed Platforms.ActiveCfg = Release|Any CPU
		{3717C3AF-0C7E-4D20-B6AD-6B4E0286E3C1}.Release|Mixed Platforms.Build.0 = Release|Any CPU
		{3717C3AF-0C7E-4D20-B6AD-6B4E0286E3C1}.Release|x86.ActiveCfg = Release|Any CPU
		{2F53C1F8-737E-414F-9494-97614E2346F1}.Debug|.NET.ActiveCfg = Debug|Any CPU
		{2F53C1F8-737E-414F-9494-97614E2346F1}.Debug|Any CPU.ActiveCfg = Debug|Any CPU
		{2F53C1F8-737E-414F-9494-97614E2346F1}.Debug|Any CPU.Build.0 = Debug|Any CPU
		{2F53C1F8-737E-414F-9494-97614E2346F1}.Debug|Mixed Platforms.ActiveCfg = Debug|Any CPU
		{2F53C1F8-737E-414F-9494-97614E2346F1}.Debug|Mixed Platforms.Build.0 = Debug|Any CPU
		{2F53C1F8-737E-414F-9494-97614E2346F1}.Debug|x86.ActiveCfg = Debug|Any CPU
		{2F53C1F8-737E-414F-9494-97614E2346F1}.Release|.NET.ActiveCfg = Release|Any CPU
		{2F53C1F8-737E-414F-9494-97614E2346F1}.Release|Any CPU.ActiveCfg = Release|Any CPU
		{2F53C1F8-737E-414F-9494-97614E2346F1}.Release|Any CPU.Build.0 = Release|Any CPU
		{2F53C1F8-737E-414F-9494-97614E2346F1}.Release|Mixed Platforms.ActiveCfg = Release|Any CPU
		{2F53C1F8-737E-414F-9494-97614E2346F1}.Release|Mixed Platforms.Build.0 = Release|Any CPU
		{2F53C1F8-737E-414F-9494-97614E2346F1}.Release|x86.ActiveCfg = Release|Any CPU
		{36966171-DA3A-479C-A2BF-E8CFC7F134EA}.Debug|.NET.ActiveCfg = Debug|Any CPU
		{36966171-DA3A-479C-A2BF-E8CFC7F134EA}.Debug|Any CPU.ActiveCfg = Debug|Any CPU
		{36966171-DA3A-479C-A2BF-E8CFC7F134EA}.Debug|Any CPU.Build.0 = Debug|Any CPU
		{36966171-DA3A-479C-A2BF-E8CFC7F134EA}.Debug|Mixed Platforms.ActiveCfg = Debug|Any CPU
		{36966171-DA3A-479C-A2BF-E8CFC7F134EA}.Debug|Mixed Platforms.Build.0 = Debug|Any CPU
		{36966171-DA3A-479C-A2BF-E8CFC7F134EA}.Debug|x86.ActiveCfg = Debug|Any CPU
		{36966171-DA3A-479C-A2BF-E8CFC7F134EA}.Release|.NET.ActiveCfg = Release|Any CPU
		{36966171-DA3A-479C-A2BF-E8CFC7F134EA}.Release|Any CPU.ActiveCfg = Release|Any CPU
		{36966171-DA3A-479C-A2BF-E8CFC7F134EA}.Release|Any CPU.Build.0 = Release|Any CPU
		{36966171-DA3A-479C-A2BF-E8CFC7F134EA}.Release|Mixed Platforms.ActiveCfg = Release|Any CPU
		{36966171-DA3A-479C-A2BF-E8CFC7F134EA}.Release|Mixed Platforms.Build.0 = Release|Any CPU
		{36966171-DA3A-479C-A2BF-E8CFC7F134EA}.Release|x86.ActiveCfg = Release|Any CPU
		{95B583E3-EC7C-4776-BFEC-6278EB83C8C1}.Debug|.NET.ActiveCfg = Debug|Any CPU
		{95B583E3-EC7C-4776-BFEC-6278EB83C8C1}.Debug|Any CPU.ActiveCfg = Debug|Any CPU
		{95B583E3-EC7C-4776-BFEC-6278EB83C8C1}.Debug|Any CPU.Build.0 = Debug|Any CPU
		{95B583E3-EC7C-4776-BFEC-6278EB83C8C1}.Debug|Mixed Platforms.ActiveCfg = Debug|Any CPU
		{95B583E3-EC7C-4776-BFEC-6278EB83C8C1}.Debug|Mixed Platforms.Build.0 = Debug|Any CPU
		{95B583E3-EC7C-4776-BFEC-6278EB83C8C1}.Debug|x86.ActiveCfg = Debug|Any CPU
		{95B583E3-EC7C-4776-BFEC-6278EB83C8C1}.Release|.NET.ActiveCfg = Release|Any CPU
		{95B583E3-EC7C-4776-BFEC-6278EB83C8C1}.Release|Any CPU.ActiveCfg = Release|Any CPU
		{95B583E3-EC7C-4776-BFEC-6278EB83C8C1}.Release|Any CPU.Build.0 = Release|Any CPU
		{95B583E3-EC7C-4776-BFEC-6278EB83C8C1}.Release|Mixed Platforms.ActiveCfg = Release|Any CPU
		{95B583E3-EC7C-4776-BFEC-6278EB83C8C1}.Release|Mixed Platforms.Build.0 = Release|Any CPU
		{95B583E3-EC7C-4776-BFEC-6278EB83C8C1}.Release|x86.ActiveCfg = Release|Any CPU
		{5D00F79A-F52B-49C3-9C10-3F78ADE6AE94}.Debug|.NET.ActiveCfg = Debug|Any CPU
		{5D00F79A-F52B-49C3-9C10-3F78ADE6AE94}.Debug|Any CPU.ActiveCfg = Debug|Any CPU
		{5D00F79A-F52B-49C3-9C10-3F78ADE6AE94}.Debug|Any CPU.Build.0 = Debug|Any CPU
		{5D00F79A-F52B-49C3-9C10-3F78ADE6AE94}.Debug|Mixed Platforms.ActiveCfg = Debug|Any CPU
		{5D00F79A-F52B-49C3-9C10-3F78ADE6AE94}.Debug|Mixed Platforms.Build.0 = Debug|Any CPU
		{5D00F79A-F52B-49C3-9C10-3F78ADE6AE94}.Debug|x86.ActiveCfg = Debug|Any CPU
		{5D00F79A-F52B-49C3-9C10-3F78ADE6AE94}.Release|.NET.ActiveCfg = Release|Any CPU
		{5D00F79A-F52B-49C3-9C10-3F78ADE6AE94}.Release|Any CPU.ActiveCfg = Release|Any CPU
		{5D00F79A-F52B-49C3-9C10-3F78ADE6AE94}.Release|Any CPU.Build.0 = Release|Any CPU
		{5D00F79A-F52B-49C3-9C10-3F78ADE6AE94}.Release|Mixed Platforms.ActiveCfg = Release|Any CPU
		{5D00F79A-F52B-49C3-9C10-3F78ADE6AE94}.Release|Mixed Platforms.Build.0 = Release|Any CPU
		{5D00F79A-F52B-49C3-9C10-3F78ADE6AE94}.Release|x86.ActiveCfg = Release|Any CPU
		{C099FDA0-6F5A-4BDF-912E-F7216325E4DF}.Debug|.NET.ActiveCfg = Debug|Any CPU
		{C099FDA0-6F5A-4BDF-912E-F7216325E4DF}.Debug|Any CPU.ActiveCfg = Debug|Any CPU
		{C099FDA0-6F5A-4BDF-912E-F7216325E4DF}.Debug|Any CPU.Build.0 = Debug|Any CPU
		{C099FDA0-6F5A-4BDF-912E-F7216325E4DF}.Debug|Mixed Platforms.ActiveCfg = Debug|Any CPU
		{C099FDA0-6F5A-4BDF-912E-F7216325E4DF}.Debug|Mixed Platforms.Build.0 = Debug|Any CPU
		{C099FDA0-6F5A-4BDF-912E-F7216325E4DF}.Debug|x86.ActiveCfg = Debug|Any CPU
		{C099FDA0-6F5A-4BDF-912E-F7216325E4DF}.Release|.NET.ActiveCfg = Release|Any CPU
		{C099FDA0-6F5A-4BDF-912E-F7216325E4DF}.Release|Any CPU.ActiveCfg = Release|Any CPU
		{C099FDA0-6F5A-4BDF-912E-F7216325E4DF}.Release|Any CPU.Build.0 = Release|Any CPU
		{C099FDA0-6F5A-4BDF-912E-F7216325E4DF}.Release|Mixed Platforms.ActiveCfg = Release|Any CPU
		{C099FDA0-6F5A-4BDF-912E-F7216325E4DF}.Release|Mixed Platforms.Build.0 = Release|Any CPU
		{C099FDA0-6F5A-4BDF-912E-F7216325E4DF}.Release|x86.ActiveCfg = Release|Any CPU
		{44108FF9-8369-4987-8C16-E459A3D6539F}.Debug|.NET.ActiveCfg = Debug|x86
		{44108FF9-8369-4987-8C16-E459A3D6539F}.Debug|Any CPU.ActiveCfg = Debug|x86
		{44108FF9-8369-4987-8C16-E459A3D6539F}.Debug|Mixed Platforms.ActiveCfg = Debug|x86
		{44108FF9-8369-4987-8C16-E459A3D6539F}.Debug|Mixed Platforms.Build.0 = Debug|x86
		{44108FF9-8369-4987-8C16-E459A3D6539F}.Debug|x86.ActiveCfg = Debug|x86
		{44108FF9-8369-4987-8C16-E459A3D6539F}.Debug|x86.Build.0 = Debug|x86
		{44108FF9-8369-4987-8C16-E459A3D6539F}.Release|.NET.ActiveCfg = Release|x86
		{44108FF9-8369-4987-8C16-E459A3D6539F}.Release|Any CPU.ActiveCfg = Release|x86
		{44108FF9-8369-4987-8C16-E459A3D6539F}.Release|Mixed Platforms.ActiveCfg = Release|x86
		{44108FF9-8369-4987-8C16-E459A3D6539F}.Release|Mixed Platforms.Build.0 = Release|x86
		{44108FF9-8369-4987-8C16-E459A3D6539F}.Release|x86.ActiveCfg = Release|x86
		{44108FF9-8369-4987-8C16-E459A3D6539F}.Release|x86.Build.0 = Release|x86
	EndGlobalSection
	GlobalSection(SolutionProperties) = preSolution
		HideSolutionNode = FALSE
	EndGlobalSection
EndGlobal
